
Microsoft Visual Studio Solution File, Format Version 12.00
# Visual Studio 15
VisualStudioVersion = 15.0.26228.4
MinimumVisualStudioVersion = 10.0.40219.1
Project("{2150E333-8FDC-42A3-9474-1A3956D46DE8}") = "Solution Items", "Solution Items", "{6F7A6AED-BD59-4FAA-9374-75BF3C98FB47}"
EndProject
Project("{2150E333-8FDC-42A3-9474-1A3956D46DE8}") = "Uow", "Uow", "{FCE58AE1-5173-401C-A41D-23022F1FB3C4}"
EndProject
Project("{2150E333-8FDC-42A3-9474-1A3956D46DE8}") = "WebExamples", "WebExamples", "{4BF5CC5E-46F7-4E44-9B91-42544DCD7B9D}"
EndProject
Project("{9A19103F-16F7-4668-BE54-9A1E7A4F7556}") = "Ornament.Uow.DbConnection", "Uow\Ornament.Uow.DbConnection\Ornament.Uow.DbConnection.csproj", "{21501337-4DAD-4AA8-8854-0883730CF89D}"
EndProject
Project("{9A19103F-16F7-4668-BE54-9A1E7A4F7556}") = "Ornament.Domain", "Ornament.Domain\Ornament.Domain.csproj", "{11967762-50BC-4922-AE01-A23101ECEFBE}"
EndProject
Project("{9A19103F-16F7-4668-BE54-9A1E7A4F7556}") = "Ornament", "Ornament\Ornament.csproj", "{5201B99C-D330-48E1-9A66-9F803A75556B}"
EndProject
Project("{9A19103F-16F7-4668-BE54-9A1E7A4F7556}") = "Ornament.UnitTest", "Ornament.UnitTest\Ornament.UnitTest.csproj", "{C088E199-01C1-4399-9E20-9797AFE096AE}"
EndProject
Project("{9A19103F-16F7-4668-BE54-9A1E7A4F7556}") = "Ornament.Uow.Web", "Ornament.Uow.Web\Ornament.Uow.Web.csproj", "{078ACCEC-2C39-43AF-81C5-0CD5F9AB64C4}"
EndProject
Project("{9A19103F-16F7-4668-BE54-9A1E7A4F7556}") = "Ornament.Uow.EF", "Uow\Ornament.Uow.EF\Ornament.Uow.EF.csproj", "{698F6CF8-DD24-49EE-BC81-DC023C3D0504}"
EndProject
Project("{9A19103F-16F7-4668-BE54-9A1E7A4F7556}") = "Ornament.Uow.EF.Test", "Uow\Ornament.Uow.EF.Test\Ornament.Uow.EF.Test.csproj", "{816F6E14-F62E-436A-AC8B-902318D27716}"
EndProject
Project("{9A19103F-16F7-4668-BE54-9A1E7A4F7556}") = "Ornament.Uow.NHibernate", "Uow\Ornament.Uow.NHibernate\Ornament.Uow.NHibernate.csproj", "{D8702B6A-842D-48DA-8886-1DC2D3A4478B}"
EndProject
Global
	GlobalSection(SolutionConfigurationPlatforms) = preSolution
		Debug|Any CPU = Debug|Any CPU
		Release|Any CPU = Release|Any CPU
	EndGlobalSection
	GlobalSection(ProjectConfigurationPlatforms) = postSolution
		{21501337-4DAD-4AA8-8854-0883730CF89D}.Debug|Any CPU.ActiveCfg = Debug|Any CPU
		{21501337-4DAD-4AA8-8854-0883730CF89D}.Debug|Any CPU.Build.0 = Debug|Any CPU
		{21501337-4DAD-4AA8-8854-0883730CF89D}.Release|Any CPU.ActiveCfg = Release|Any CPU
		{21501337-4DAD-4AA8-8854-0883730CF89D}.Release|Any CPU.Build.0 = Release|Any CPU
		{11967762-50BC-4922-AE01-A23101ECEFBE}.Debug|Any CPU.ActiveCfg = Debug|Any CPU
		{11967762-50BC-4922-AE01-A23101ECEFBE}.Debug|Any CPU.Build.0 = Debug|Any CPU
		{11967762-50BC-4922-AE01-A23101ECEFBE}.Release|Any CPU.ActiveCfg = Release|Any CPU
		{11967762-50BC-4922-AE01-A23101ECEFBE}.Release|Any CPU.Build.0 = Release|Any CPU
		{5201B99C-D330-48E1-9A66-9F803A75556B}.Debug|Any CPU.ActiveCfg = Debug|Any CPU
		{5201B99C-D330-48E1-9A66-9F803A75556B}.Debug|Any CPU.Build.0 = Debug|Any CPU
		{5201B99C-D330-48E1-9A66-9F803A75556B}.Release|Any CPU.ActiveCfg = Release|Any CPU
		{5201B99C-D330-48E1-9A66-9F803A75556B}.Release|Any CPU.Build.0 = Release|Any CPU
		{C088E199-01C1-4399-9E20-9797AFE096AE}.Debug|Any CPU.ActiveCfg = Debug|Any CPU
		{C088E199-01C1-4399-9E20-9797AFE096AE}.Debug|Any CPU.Build.0 = Debug|Any CPU
		{C088E199-01C1-4399-9E20-9797AFE096AE}.Release|Any CPU.ActiveCfg = Release|Any CPU
		{C088E199-01C1-4399-9E20-9797AFE096AE}.Release|Any CPU.Build.0 = Release|Any CPU
		{078ACCEC-2C39-43AF-81C5-0CD5F9AB64C4}.Debug|Any CPU.ActiveCfg = Debug|Any CPU
		{078ACCEC-2C39-43AF-81C5-0CD5F9AB64C4}.Debug|Any CPU.Build.0 = Debug|Any CPU
		{078ACCEC-2C39-43AF-81C5-0CD5F9AB64C4}.Release|Any CPU.ActiveCfg = Release|Any CPU
		{078ACCEC-2C39-43AF-81C5-0CD5F9AB64C4}.Release|Any CPU.Build.0 = Release|Any CPU
		{698F6CF8-DD24-49EE-BC81-DC023C3D0504}.Debug|Any CPU.ActiveCfg = Debug|Any CPU
		{698F6CF8-DD24-49EE-BC81-DC023C3D0504}.Debug|Any CPU.Build.0 = Debug|Any CPU
		{698F6CF8-DD24-49EE-BC81-DC023C3D0504}.Release|Any CPU.ActiveCfg = Release|Any CPU
		{698F6CF8-DD24-49EE-BC81-DC023C3D0504}.Release|Any CPU.Build.0 = Release|Any CPU
		{816F6E14-F62E-436A-AC8B-902318D27716}.Debug|Any CPU.ActiveCfg = Debug|Any CPU
		{816F6E14-F62E-436A-AC8B-902318D27716}.Debug|Any CPU.Build.0 = Debug|Any CPU
		{816F6E14-F62E-436A-AC8B-902318D27716}.Release|Any CPU.ActiveCfg = Release|Any CPU
		{816F6E14-F62E-436A-AC8B-902318D27716}.Release|Any CPU.Build.0 = Release|Any CPU
		{D8702B6A-842D-48DA-8886-1DC2D3A4478B}.Debug|Any CPU.ActiveCfg = Debug|Any CPU
		{D8702B6A-842D-48DA-8886-1DC2D3A4478B}.Debug|Any CPU.Build.0 = Debug|Any CPU
		{D8702B6A-842D-48DA-8886-1DC2D3A4478B}.Release|Any CPU.ActiveCfg = Release|Any CPU
		{D8702B6A-842D-48DA-8886-1DC2D3A4478B}.Release|Any CPU.Build.0 = Release|Any CPU
	EndGlobalSection
	GlobalSection(SolutionProperties) = preSolution
		HideSolutionNode = FALSE
	EndGlobalSection
	GlobalSection(NestedProjects) = preSolution
		{21501337-4DAD-4AA8-8854-0883730CF89D} = {FCE58AE1-5173-401C-A41D-23022F1FB3C4}
		{698F6CF8-DD24-49EE-BC81-DC023C3D0504} = {FCE58AE1-5173-401C-A41D-23022F1FB3C4}
		{816F6E14-F62E-436A-AC8B-902318D27716} = {FCE58AE1-5173-401C-A41D-23022F1FB3C4}
		{D8702B6A-842D-48DA-8886-1DC2D3A4478B} = {FCE58AE1-5173-401C-A41D-23022F1FB3C4}
	EndGlobalSection
EndGlobal
